
Microsoft Visual Studio Solution File, Format Version 12.00
# Visual Studio Version 17
VisualStudioVersion = 17.13.35818.85
MinimumVisualStudioVersion = 10.0.40219.1
Project("{FAE04EC0-301F-11D3-BF4B-00C04F79EFBC}") = "SeparationSecret", "SeparationSecret\SeparationSecret.csproj", "{AB5910C5-B2BC-47AE-889A-3C90FF1A7DBB}"
EndProject
Project("{2150E333-8FDC-42A3-9474-1A3956D46DE8}") = "Элементы решения", "Элементы решения", "{754FC069-D67B-A9D7-50A1-8D1CA196D8F1}"
	ProjectSection(SolutionItems) = preProject
		SeparationSecret\bin\Debug\net8.0-windows\SeparationSecretHelp.chm = SeparationSecret\bin\Debug\net8.0-windows\SeparationSecretHelp.chm
	EndProjectSection
EndProject
Global
	GlobalSection(SolutionConfigurationPlatforms) = preSolution
		Debug|Any CPU = Debug|Any CPU
		Release|Any CPU = Release|Any CPU
	EndGlobalSection
	GlobalSection(ProjectConfigurationPlatforms) = postSolution
		{AB5910C5-B2BC-47AE-889A-3C90FF1A7DBB}.Debug|Any CPU.ActiveCfg = Debug|Any CPU
		{AB5910C5-B2BC-47AE-889A-3C90FF1A7DBB}.Debug|Any CPU.Build.0 = Debug|Any CPU
		{AB5910C5-B2BC-47AE-889A-3C90FF1A7DBB}.Release|Any CPU.ActiveCfg = Release|Any CPU
		{AB5910C5-B2BC-47AE-889A-3C90FF1A7DBB}.Release|Any CPU.Build.0 = Release|Any CPU
	EndGlobalSection
	GlobalSection(SolutionProperties) = preSolution
		HideSolutionNode = FALSE
	EndGlobalSection
	GlobalSection(ExtensibilityGlobals) = postSolution
		SolutionGuid = {D41FD2D3-FB73-4F05-AB8F-7D0F62CF147F}
	EndGlobalSection
EndGlobal
